// !$*UTF8*$!
{
	archiveVersion = 1;
	classes = {
	};
	objectVersion = 51;
	objects = {

/* Begin PBXBuildFile section */
		10C7FA842326A04B0087A9CA /* ViewController.swift in Sources */ = {isa = PBXBuildFile; fileRef = 10D036A922EF3ADC00656BBE /* ViewController.swift */; };
		10C7FA852326A04B0087A9CA /* ProfileViewController.swift in Sources */ = {isa = PBXBuildFile; fileRef = 10CCFE3823072986002C0B10 /* ProfileViewController.swift */; };
		10C7FA862326A04B0087A9CA /* SearchUIButton.swift in Sources */ = {isa = PBXBuildFile; fileRef = 10865E792302E41700B80407 /* SearchUIButton.swift */; };
		10C7FA872326A04B0087A9CA /* TableViewCells.swift in Sources */ = {isa = PBXBuildFile; fileRef = 101B10CA2316AF0100A47FEA /* TableViewCells.swift */; };
		10C7FA882326A04B0087A9CA /* Auth.swift in Sources */ = {isa = PBXBuildFile; fileRef = 10865E7B2303117C00B80407 /* Auth.swift */; };
		10C7FA8C2326A04B0087A9CA /* AppDelegate.swift in Sources */ = {isa = PBXBuildFile; fileRef = 10D036A722EF3ADC00656BBE /* AppDelegate.swift */; };
		10D036AD22EF3ADC00656BBE /* Main.storyboard in Resources */ = {isa = PBXBuildFile; fileRef = 10D036AB22EF3ADC00656BBE /* Main.storyboard */; };
		10D036AF22EF3AE300656BBE /* Assets.xcassets in Resources */ = {isa = PBXBuildFile; fileRef = 10D036AE22EF3AE300656BBE /* Assets.xcassets */; };
		10D036B222EF3AE300656BBE /* LaunchScreen.storyboard in Resources */ = {isa = PBXBuildFile; fileRef = 10D036B022EF3AE300656BBE /* LaunchScreen.storyboard */; };
		A7EFDA67A6DE8C441D930F52 /* Pods_swiftyCompanion.framework in Frameworks */ = {isa = PBXBuildFile; fileRef = 2F0CEC2A0B3F93552FCFFA9A /* Pods_swiftyCompanion.framework */; };
/* End PBXBuildFile section */

/* Begin PBXFileReference section */
		101B10CA2316AF0100A47FEA /* TableViewCells.swift */ = {isa = PBXFileReference; lastKnownFileType = sourcecode.swift; path = TableViewCells.swift; sourceTree = "<group>"; };
		10865E792302E41700B80407 /* SearchUIButton.swift */ = {isa = PBXFileReference; lastKnownFileType = sourcecode.swift; name = SearchUIButton.swift; path = ../View/SearchUIButton.swift; sourceTree = "<group>"; };
		10865E7B2303117C00B80407 /* Auth.swift */ = {isa = PBXFileReference; lastKnownFileType = sourcecode.swift; path = Auth.swift; sourceTree = "<group>"; };
		10CCFE3823072986002C0B10 /* ProfileViewController.swift */ = {isa = PBXFileReference; lastKnownFileType = sourcecode.swift; path = ProfileViewController.swift; sourceTree = "<group>"; };
		10D036A422EF3ADC00656BBE /* swiftyCompanion.app */ = {isa = PBXFileReference; explicitFileType = wrapper.application; includeInIndex = 0; path = swiftyCompanion.app; sourceTree = BUILT_PRODUCTS_DIR; };
		10D036A722EF3ADC00656BBE /* AppDelegate.swift */ = {isa = PBXFileReference; lastKnownFileType = sourcecode.swift; path = AppDelegate.swift; sourceTree = "<group>"; };
		10D036A922EF3ADC00656BBE /* ViewController.swift */ = {isa = PBXFileReference; lastKnownFileType = sourcecode.swift; path = ViewController.swift; sourceTree = "<group>"; };
		10D036AC22EF3ADC00656BBE /* Base */ = {isa = PBXFileReference; lastKnownFileType = file.storyboard; name = Base; path = Base.lproj/Main.storyboard; sourceTree = "<group>"; };
		10D036AE22EF3AE300656BBE /* Assets.xcassets */ = {isa = PBXFileReference; lastKnownFileType = folder.assetcatalog; path = Assets.xcassets; sourceTree = "<group>"; };
		10D036B122EF3AE300656BBE /* Base */ = {isa = PBXFileReference; lastKnownFileType = file.storyboard; name = Base; path = Base.lproj/LaunchScreen.storyboard; sourceTree = "<group>"; };
		10D036B322EF3AE300656BBE /* Info.plist */ = {isa = PBXFileReference; lastKnownFileType = text.plist.xml; path = Info.plist; sourceTree = "<group>"; };
		2C803295F9920A64A81359FA /* Pods-swiftyCompanion.debug.xcconfig */ = {isa = PBXFileReference; includeInIndex = 1; lastKnownFileType = text.xcconfig; name = "Pods-swiftyCompanion.debug.xcconfig"; path = "Target Support Files/Pods-swiftyCompanion/Pods-swiftyCompanion.debug.xcconfig"; sourceTree = "<group>"; };
		2F0CEC2A0B3F93552FCFFA9A /* Pods_swiftyCompanion.framework */ = {isa = PBXFileReference; explicitFileType = wrapper.framework; includeInIndex = 0; path = Pods_swiftyCompanion.framework; sourceTree = BUILT_PRODUCTS_DIR; };
		971DE84B9F16EDA3DAF136FF /* Pods-swiftyCompanion.release.xcconfig */ = {isa = PBXFileReference; includeInIndex = 1; lastKnownFileType = text.xcconfig; name = "Pods-swiftyCompanion.release.xcconfig"; path = "Target Support Files/Pods-swiftyCompanion/Pods-swiftyCompanion.release.xcconfig"; sourceTree = "<group>"; };
/* End PBXFileReference section */

/* Begin PBXFrameworksBuildPhase section */
		10D036A122EF3ADC00656BBE /* Frameworks */ = {
			isa = PBXFrameworksBuildPhase;
			buildActionMask = 2147483647;
			files = (
				A7EFDA67A6DE8C441D930F52 /* Pods_swiftyCompanion.framework in Frameworks */,
			);
			runOnlyForDeploymentPostprocessing = 0;
		};
/* End PBXFrameworksBuildPhase section */

/* Begin PBXGroup section */
		10B6D39223217FEA00BC3602 /* ViewContorllers */ = {
			isa = PBXGroup;
			children = (
				10D036A922EF3ADC00656BBE /* ViewController.swift */,
				10CCFE3823072986002C0B10 /* ProfileViewController.swift */,
			);
			path = ViewContorllers;
			sourceTree = "<group>";
		};
		10B6D3932321803800BC3602 /* Supporting Files */ = {
			isa = PBXGroup;
			children = (
				10D036AE22EF3AE300656BBE /* Assets.xcassets */,
				10D036B022EF3AE300656BBE /* LaunchScreen.storyboard */,
				10D036B322EF3AE300656BBE /* Info.plist */,
				10D036A722EF3ADC00656BBE /* AppDelegate.swift */,
			);
			path = "Supporting Files";
			sourceTree = "<group>";
		};
		10B6D394232180B800BC3602 /* Networking */ = {
			isa = PBXGroup;
			children = (
				10865E7B2303117C00B80407 /* Auth.swift */,
			);
			path = Networking;
			sourceTree = "<group>";
		};
		10C7FA8223269FD10087A9CA /* View */ = {
			isa = PBXGroup;
			children = (
				10865E792302E41700B80407 /* SearchUIButton.swift */,
				101B10CA2316AF0100A47FEA /* TableViewCells.swift */,
			);
			path = View;
			sourceTree = "<group>";
		};
		10D0369B22EF3ADC00656BBE = {
			isa = PBXGroup;
			children = (
				10D036A622EF3ADC00656BBE /* swiftyCompanion */,
				10D036A522EF3ADC00656BBE /* Products */,
				21199C417C169FBF6B4E88B3 /* Pods */,
				74DF08C2049818EA09C3EB32 /* Frameworks */,
			);
			sourceTree = "<group>";
		};
		10D036A522EF3ADC00656BBE /* Products */ = {
			isa = PBXGroup;
			children = (
				10D036A422EF3ADC00656BBE /* swiftyCompanion.app */,
			);
			name = Products;
			sourceTree = "<group>";
		};
		10D036A622EF3ADC00656BBE /* swiftyCompanion */ = {
			isa = PBXGroup;
			children = (
				10D036AB22EF3ADC00656BBE /* Main.storyboard */,
				10B6D39223217FEA00BC3602 /* ViewContorllers */,
				10C7FA8223269FD10087A9CA /* View */,
				10B6D394232180B800BC3602 /* Networking */,
				10B6D3932321803800BC3602 /* Supporting Files */,
			);
			path = swiftyCompanion;
			sourceTree = "<group>";
		};
		21199C417C169FBF6B4E88B3 /* Pods */ = {
			isa = PBXGroup;
			children = (
				2C803295F9920A64A81359FA /* Pods-swiftyCompanion.debug.xcconfig */,
				971DE84B9F16EDA3DAF136FF /* Pods-swiftyCompanion.release.xcconfig */,
			);
			path = Pods;
			sourceTree = "<group>";
		};
		74DF08C2049818EA09C3EB32 /* Frameworks */ = {
			isa = PBXGroup;
			children = (
				2F0CEC2A0B3F93552FCFFA9A /* Pods_swiftyCompanion.framework */,
			);
			name = Frameworks;
			sourceTree = "<group>";
		};
/* End PBXGroup section */

/* Begin PBXNativeTarget section */
		10D036A322EF3ADC00656BBE /* swiftyCompanion */ = {
			isa = PBXNativeTarget;
			buildConfigurationList = 10D036B622EF3AE300656BBE /* Build configuration list for PBXNativeTarget "swiftyCompanion" */;
			buildPhases = (
				33B0EE166F36FB01253C3969 /* [CP] Check Pods Manifest.lock */,
				10D036A022EF3ADC00656BBE /* Sources */,
				10D036A122EF3ADC00656BBE /* Frameworks */,
				10D036A222EF3ADC00656BBE /* Resources */,
				AD4C65DDEB9CF0C23794C180 /* [CP] Embed Pods Frameworks */,
			);
			buildRules = (
			);
			dependencies = (
			);
			name = swiftyCompanion;
			productName = swiftyCompanion;
			productReference = 10D036A422EF3ADC00656BBE /* swiftyCompanion.app */;
			productType = "com.apple.product-type.application";
		};
/* End PBXNativeTarget section */

/* Begin PBXProject section */
		10D0369C22EF3ADC00656BBE /* Project object */ = {
			isa = PBXProject;
			attributes = {
				LastSwiftUpdateCheck = 1020;
				LastUpgradeCheck = 1020;
				ORGANIZATIONNAME = "Maksym MATIUSHCHENKO";
				TargetAttributes = {
					10D036A322EF3ADC00656BBE = {
						CreatedOnToolsVersion = 10.2.1;
					};
				};
			};
			buildConfigurationList = 10D0369F22EF3ADC00656BBE /* Build configuration list for PBXProject "swiftyCompanion" */;
			compatibilityVersion = "Xcode 9.3";
			developmentRegion = en;
			hasScannedForEncodings = 0;
			knownRegions = (
				en,
				Base,
			);
			mainGroup = 10D0369B22EF3ADC00656BBE;
			productRefGroup = 10D036A522EF3ADC00656BBE /* Products */;
			projectDirPath = "";
			projectRoot = "";
			targets = (
				10D036A322EF3ADC00656BBE /* swiftyCompanion */,
			);
		};
/* End PBXProject section */

/* Begin PBXResourcesBuildPhase section */
		10D036A222EF3ADC00656BBE /* Resources */ = {
			isa = PBXResourcesBuildPhase;
			buildActionMask = 2147483647;
			files = (
				10D036B222EF3AE300656BBE /* LaunchScreen.storyboard in Resources */,
				10D036AF22EF3AE300656BBE /* Assets.xcassets in Resources */,
				10D036AD22EF3ADC00656BBE /* Main.storyboard in Resources */,
			);
			runOnlyForDeploymentPostprocessing = 0;
		};
/* End PBXResourcesBuildPhase section */

/* Begin PBXShellScriptBuildPhase section */
		33B0EE166F36FB01253C3969 /* [CP] Check Pods Manifest.lock */ = {
			isa = PBXShellScriptBuildPhase;
			buildActionMask = 2147483647;
			files = (
			);
			inputFileListPaths = (
			);
			inputPaths = (
				"${PODS_PODFILE_DIR_PATH}/Podfile.lock",
				"${PODS_ROOT}/Manifest.lock",
			);
			name = "[CP] Check Pods Manifest.lock";
			outputFileListPaths = (
			);
			outputPaths = (
				"$(DERIVED_FILE_DIR)/Pods-swiftyCompanion-checkManifestLockResult.txt",
			);
			runOnlyForDeploymentPostprocessing = 0;
			shellPath = /bin/sh;
			shellScript = "diff \"${PODS_PODFILE_DIR_PATH}/Podfile.lock\" \"${PODS_ROOT}/Manifest.lock\" > /dev/null\nif [ $? != 0 ] ; then\n    # print error to STDERR\n    echo \"error: The sandbox is not in sync with the Podfile.lock. Run 'pod install' or update your CocoaPods installation.\" >&2\n    exit 1\nfi\n# This output is used by Xcode 'outputs' to avoid re-running this script phase.\necho \"SUCCESS\" > \"${SCRIPT_OUTPUT_FILE_0}\"\n";
			showEnvVarsInLog = 0;
		};
		AD4C65DDEB9CF0C23794C180 /* [CP] Embed Pods Frameworks */ = {
			isa = PBXShellScriptBuildPhase;
			buildActionMask = 2147483647;
			files = (
			);
			inputFileListPaths = (
				"${PODS_ROOT}/Target Support Files/Pods-swiftyCompanion/Pods-swiftyCompanion-frameworks-${CONFIGURATION}-input-files.xcfilelist",
			);
			name = "[CP] Embed Pods Frameworks";
			outputFileListPaths = (
				"${PODS_ROOT}/Target Support Files/Pods-swiftyCompanion/Pods-swiftyCompanion-frameworks-${CONFIGURATION}-output-files.xcfilelist",
			);
			runOnlyForDeploymentPostprocessing = 0;
			shellPath = /bin/sh;
			shellScript = "\"${PODS_ROOT}/Target Support Files/Pods-swiftyCompanion/Pods-swiftyCompanion-frameworks.sh\"\n";
			showEnvVarsInLog = 0;
		};
/* End PBXShellScriptBuildPhase section */

/* Begin PBXSourcesBuildPhase section */
		10D036A022EF3ADC00656BBE /* Sources */ = {
			isa = PBXSourcesBuildPhase;
			buildActionMask = 2147483647;
			files = (
				10C7FA842326A04B0087A9CA /* ViewController.swift in Sources */,
				10C7FA852326A04B0087A9CA /* ProfileViewController.swift in Sources */,
				10C7FA862326A04B0087A9CA /* SearchUIButton.swift in Sources */,
				10C7FA872326A04B0087A9CA /* TableViewCells.swift in Sources */,
				10C7FA882326A04B0087A9CA /* Auth.swift in Sources */,
				10C7FA8C2326A04B0087A9CA /* AppDelegate.swift in Sources */,
			);
			runOnlyForDeploymentPostprocessing = 0;
		};
/* End PBXSourcesBuildPhase section */

/* Begin PBXVariantGroup section */
		10D036AB22EF3ADC00656BBE /* Main.storyboard */ = {
			isa = PBXVariantGroup;
			children = (
				10D036AC22EF3ADC00656BBE /* Base */,
			);
			name = Main.storyboard;
			sourceTree = "<group>";
		};
		10D036B022EF3AE300656BBE /* LaunchScreen.storyboard */ = {
			isa = PBXVariantGroup;
			children = (
				10D036B122EF3AE300656BBE /* Base */,
			);
			name = LaunchScreen.storyboard;
			sourceTree = "<group>";
		};
/* End PBXVariantGroup section */

/* Begin XCBuildConfiguration section */
		10D036B422EF3AE300656BBE /* Debug */ = {
			isa = XCBuildConfiguration;
			buildSettings = {
				ALWAYS_SEARCH_USER_PATHS = NO;
				CLANG_ANALYZER_NONNULL = YES;
				CLANG_ANALYZER_NUMBER_OBJECT_CONVERSION = YES_AGGRESSIVE;
				CLANG_CXX_LANGUAGE_STANDARD = "gnu++14";
				CLANG_CXX_LIBRARY = "libc++";
				CLANG_ENABLE_MODULES = YES;
				CLANG_ENABLE_OBJC_ARC = YES;
				CLANG_ENABLE_OBJC_WEAK = YES;
				CLANG_WARN_BLOCK_CAPTURE_AUTORELEASING = YES;
				CLANG_WARN_BOOL_CONVERSION = YES;
				CLANG_WARN_COMMA = YES;
				CLANG_WARN_CONSTANT_CONVERSION = YES;
				CLANG_WARN_DEPRECATED_OBJC_IMPLEMENTATIONS = YES;
				CLANG_WARN_DIRECT_OBJC_ISA_USAGE = YES_ERROR;
				CLANG_WARN_DOCUMENTATION_COMMENTS = YES;
				CLANG_WARN_EMPTY_BODY = YES;
				CLANG_WARN_ENUM_CONVERSION = YES;
				CLANG_WARN_INFINITE_RECURSION = YES;
				CLANG_WARN_INT_CONVERSION = YES;
				CLANG_WARN_NON_LITERAL_NULL_CONVERSION = YES;
				CLANG_WARN_OBJC_IMPLICIT_RETAIN_SELF = YES;
				CLANG_WARN_OBJC_LITERAL_CONVERSION = YES;
				CLANG_WARN_OBJC_ROOT_CLASS = YES_ERROR;
				CLANG_WARN_RANGE_LOOP_ANALYSIS = YES;
				CLANG_WARN_STRICT_PROTOTYPES = YES;
				CLANG_WARN_SUSPICIOUS_MOVE = YES;
				CLANG_WARN_UNGUARDED_AVAILABILITY = YES_AGGRESSIVE;
				CLANG_WARN_UNREACHABLE_CODE = YES;
				CLANG_WARN__DUPLICATE_METHOD_MATCH = YES;
				CODE_SIGN_IDENTITY = "iPhone Developer";
				COPY_PHASE_STRIP = NO;
				DEBUG_INFORMATION_FORMAT = dwarf;
				ENABLE_STRICT_OBJC_MSGSEND = YES;
				ENABLE_TESTABILITY = YES;
				GCC_C_LANGUAGE_STANDARD = gnu11;
				GCC_DYNAMIC_NO_PIC = NO;
				GCC_NO_COMMON_BLOCKS = YES;
				GCC_OPTIMIZATION_LEVEL = 0;
				GCC_PREPROCESSOR_DEFINITIONS = (
					"DEBUG=1",
					"$(inherited)",
				);
				GCC_WARN_64_TO_32_BIT_CONVERSION = YES;
				GCC_WARN_ABOUT_RETURN_TYPE = YES_ERROR;
				GCC_WARN_UNDECLARED_SELECTOR = YES;
				GCC_WARN_UNINITIALIZED_AUTOS = YES_AGGRESSIVE;
				GCC_WARN_UNUSED_FUNCTION = YES;
				GCC_WARN_UNUSED_VARIABLE = YES;
				IPHONEOS_DEPLOYMENT_TARGET = 12.2;
				MTL_ENABLE_DEBUG_INFO = INCLUDE_SOURCE;
				MTL_FAST_MATH = YES;
				ONLY_ACTIVE_ARCH = YES;
				SDKROOT = iphoneos;
				SWIFT_ACTIVE_COMPILATION_CONDITIONS = DEBUG;
				SWIFT_OPTIMIZATION_LEVEL = "-Onone";
			};
			name = Debug;
		};
		10D036B522EF3AE300656BBE /* Release */ = {
			isa = XCBuildConfiguration;
			buildSettings = {
				ALWAYS_SEARCH_USER_PATHS = NO;
				CLANG_ANALYZER_NONNULL = YES;
				CLANG_ANALYZER_NUMBER_OBJECT_CONVERSION = YES_AGGRESSIVE;
				CLANG_CXX_LANGUAGE_STANDARD = "gnu++14";
				CLANG_CXX_LIBRARY = "libc++";
				CLANG_ENABLE_MODULES = YES;
				CLANG_ENABLE_OBJC_ARC = YES;
				CLANG_ENABLE_OBJC_WEAK = YES;
				CLANG_WARN_BLOCK_CAPTURE_AUTORELEASING = YES;
				CLANG_WARN_BOOL_CONVERSION = YES;
				CLANG_WARN_COMMA = YES;
				CLANG_WARN_CONSTANT_CONVERSION = YES;
				CLANG_WARN_DEPRECATED_OBJC_IMPLEMENTATIONS = YES;
				CLANG_WARN_DIRECT_OBJC_ISA_USAGE = YES_ERROR;
				CLANG_WARN_DOCUMENTATION_COMMENTS = YES;
				CLANG_WARN_EMPTY_BODY = YES;
				CLANG_WARN_ENUM_CONVERSION = YES;
				CLANG_WARN_INFINITE_RECURSION = YES;
				CLANG_WARN_INT_CONVERSION = YES;
				CLANG_WARN_NON_LITERAL_NULL_CONVERSION = YES;
				CLANG_WARN_OBJC_IMPLICIT_RETAIN_SELF = YES;
				CLANG_WARN_OBJC_LITERAL_CONVERSION = YES;
				CLANG_WARN_OBJC_ROOT_CLASS = YES_ERROR;
				CLANG_WARN_RANGE_LOOP_ANALYSIS = YES;
				CLANG_WARN_STRICT_PROTOTYPES = YES;
				CLANG_WARN_SUSPICIOUS_MOVE = YES;
				CLANG_WARN_UNGUARDED_AVAILABILITY = YES_AGGRESSIVE;
				CLANG_WARN_UNREACHABLE_CODE = YES;
				CLANG_WARN__DUPLICATE_METHOD_MATCH = YES;
				CODE_SIGN_IDENTITY = "iPhone Developer";
				COPY_PHASE_STRIP = NO;
				DEBUG_INFORMATION_FORMAT = "dwarf-with-dsym";
				ENABLE_NS_ASSERTIONS = NO;
				ENABLE_STRICT_OBJC_MSGSEND = YES;
				GCC_C_LANGUAGE_STANDARD = gnu11;
				GCC_NO_COMMON_BLOCKS = YES;
				GCC_WARN_64_TO_32_BIT_CONVERSION = YES;
				GCC_WARN_ABOUT_RETURN_TYPE = YES_ERROR;
				GCC_WARN_UNDECLARED_SELECTOR = YES;
				GCC_WARN_UNINITIALIZED_AUTOS = YES_AGGRESSIVE;
				GCC_WARN_UNUSED_FUNCTION = YES;
				GCC_WARN_UNUSED_VARIABLE = YES;
				IPHONEOS_DEPLOYMENT_TARGET = 12.2;
				MTL_ENABLE_DEBUG_INFO = NO;
				MTL_FAST_MATH = YES;
				SDKROOT = iphoneos;
				SWIFT_COMPILATION_MODE = wholemodule;
				SWIFT_OPTIMIZATION_LEVEL = "-O";
				VALIDATE_PRODUCT = YES;
			};
			name = Release;
		};
		10D036B722EF3AE300656BBE /* Debug */ = {
			isa = XCBuildConfiguration;
			baseConfigurationReference = 2C803295F9920A64A81359FA /* Pods-swiftyCompanion.debug.xcconfig */;
			buildSettings = {
				ASSETCATALOG_COMPILER_APPICON_NAME = AppIcon;
				CODE_SIGN_STYLE = Automatic;
				DEVELOPMENT_TEAM = 8QMURK9V3B;
				INFOPLIST_FILE = "$(SRCROOT)/swiftyCompanion/Supporting Files/Info.plist";
				LD_RUNPATH_SEARCH_PATHS = (
					"$(inherited)",
					"@executable_path/Frameworks",
				);
				PRODUCT_BUNDLE_IDENTIFIER = mmatiush.swiftyCompanion;
				PRODUCT_NAME = "$(TARGET_NAME)";
				SWIFT_VERSION = 5.0;
				TARGETED_DEVICE_FAMILY = "1,2";
			};
			name = Debug;
		};
		10D036B822EF3AE300656BBE /* Release */ = {
			isa = XCBuildConfiguration;
			baseConfigurationReference = 971DE84B9F16EDA3DAF136FF /* Pods-swiftyCompanion.release.xcconfig */;
			buildSettings = {
				ASSETCATALOG_COMPILER_APPICON_NAME = AppIcon;
				CODE_SIGN_STYLE = Automatic;
				DEVELOPMENT_TEAM = 8QMURK9V3B;
				INFOPLIST_FILE = "$(SRCROOT)/swiftyCompanion/Supporting Files/Info.plist";
				LD_RUNPATH_SEARCH_PATHS = (
					"$(inherited)",
					"@executable_path/Frameworks",
				);
				PRODUCT_BUNDLE_IDENTIFIER = mmatiush.swiftyCompanion;
				PRODUCT_NAME = "$(TARGET_NAME)";
				SWIFT_VERSION = 5.0;
				TARGETED_DEVICE_FAMILY = "1,2";
			};
			name = Release;
		};
/* End XCBuildConfiguration section */

/* Begin XCConfigurationList section */
		10D0369F22EF3ADC00656BBE /* Build configuration list for PBXProject "swiftyCompanion" */ = {
			isa = XCConfigurationList;
			buildConfigurations = (
				10D036B422EF3AE300656BBE /* Debug */,
				10D036B522EF3AE300656BBE /* Release */,
			);
			defaultConfigurationIsVisible = 0;
			defaultConfigurationName = Release;
		};
		10D036B622EF3AE300656BBE /* Build configuration list for PBXNativeTarget "swiftyCompanion" */ = {
			isa = XCConfigurationList;
			buildConfigurations = (
				10D036B722EF3AE300656BBE /* Debug */,
				10D036B822EF3AE300656BBE /* Release */,
			);
			defaultConfigurationIsVisible = 0;
			defaultConfigurationName = Release;
		};
/* End XCConfigurationList section */
	};
	rootObject = 10D0369C22EF3ADC00656BBE /* Project object */;
}
